
Microsoft Visual Studio Solution File, Format Version 12.00
Project("{FAE04EC0-301F-11D3-BF4B-00C04F79EFBC}") = "Sudoku", "Sudoku\Sudoku.csproj", "{643AFAF3-9E8E-4675-B349-9DFFD38FD24F}"
EndProject
Project("{FAE04EC0-301F-11D3-BF4B-00C04F79EFBC}") = "Sudoku.Tests", "Sudoku.Tests\Sudoku.Tests.csproj", "{27DE8204-9DB2-4FEC-A9A3-237DFA24E68A}"
EndProject
Global
	GlobalSection(SolutionConfigurationPlatforms) = preSolution
		Debug|Any CPU = Debug|Any CPU
		Release|Any CPU = Release|Any CPU
	EndGlobalSection
	GlobalSection(ProjectConfigurationPlatforms) = postSolution
		{643AFAF3-9E8E-4675-B349-9DFFD38FD24F}.Debug|Any CPU.ActiveCfg = Debug|Any CPU
		{643AFAF3-9E8E-4675-B349-9DFFD38FD24F}.Debug|Any CPU.Build.0 = Debug|Any CPU
		{643AFAF3-9E8E-4675-B349-9DFFD38FD24F}.Release|Any CPU.ActiveCfg = Release|Any CPU
		{643AFAF3-9E8E-4675-B349-9DFFD38FD24F}.Release|Any CPU.Build.0 = Release|Any CPU
		{27DE8204-9DB2-4FEC-A9A3-237DFA24E68A}.Debug|Any CPU.ActiveCfg = Debug|Any CPU
		{27DE8204-9DB2-4FEC-A9A3-237DFA24E68A}.Debug|Any CPU.Build.0 = Debug|Any CPU
		{27DE8204-9DB2-4FEC-A9A3-237DFA24E68A}.Release|Any CPU.ActiveCfg = Release|Any CPU
		{27DE8204-9DB2-4FEC-A9A3-237DFA24E68A}.Release|Any CPU.Build.0 = Release|Any CPU
	EndGlobalSection
EndGlobal
